
Microsoft Visual Studio Solution File, Format Version 12.00
# Visual Studio Version 16
VisualStudioVersion = 16.0.31402.337
MinimumVisualStudioVersion = 10.0.40219.1
Project("{FAE04EC0-301F-11D3-BF4B-00C04F79EFBC}") = "GYM", "GYM\GYM.csproj", "{F17F54E2-4DFD-4069-B337-19F575EAE806}"
EndProject
Global
	GlobalSection(SolutionConfigurationPlatforms) = preSolution
		Debug|Any CPU = Debug|Any CPU
		Release|Any CPU = Release|Any CPU
	EndGlobalSection
	GlobalSection(ProjectConfigurationPlatforms) = postSolution
		{F17F54E2-4DFD-4069-B337-19F575EAE806}.Debug|Any CPU.ActiveCfg = Debug|Any CPU
		{F17F54E2-4DFD-4069-B337-19F575EAE806}.Debug|Any CPU.Build.0 = Debug|Any CPU
		{F17F54E2-4DFD-4069-B337-19F575EAE806}.Release|Any CPU.ActiveCfg = Release|Any CPU
		{F17F54E2-4DFD-4069-B337-19F575EAE806}.Release|Any CPU.Build.0 = Release|Any CPU
	EndGlobalSection
	GlobalSection(SolutionProperties) = preSolution
		HideSolutionNode = FALSE
	EndGlobalSection
	GlobalSection(ExtensibilityGlobals) = postSolution
		SolutionGuid = {62AA9E59-D9DD-4CA4-8760-253858FBA92D}
	EndGlobalSection
EndGlobal
